
Microsoft Visual Studio Solution File, Format Version 12.00
# Visual Studio Version 17
VisualStudioVersion = 17.0.32014.148
MinimumVisualStudioVersion = 10.0.40219.1
Project("{FAE04EC0-301F-11D3-BF4B-00C04F79EFBC}") = "TSWinApp1", "TSWinApp1\TSWinApp1.csproj", "{820D42C4-9DA8-486D-A47E-4D288DCF5B84}"
EndProject
Global
	GlobalSection(SolutionConfigurationPlatforms) = preSolution
		Debug|Any CPU = Debug|Any CPU
		Release|Any CPU = Release|Any CPU
	EndGlobalSection
	GlobalSection(ProjectConfigurationPlatforms) = postSolution
		{820D42C4-9DA8-486D-A47E-4D288DCF5B84}.Debug|Any CPU.ActiveCfg = Debug|Any CPU
		{820D42C4-9DA8-486D-A47E-4D288DCF5B84}.Debug|Any CPU.Build.0 = Debug|Any CPU
		{820D42C4-9DA8-486D-A47E-4D288DCF5B84}.Release|Any CPU.ActiveCfg = Release|Any CPU
		{820D42C4-9DA8-486D-A47E-4D288DCF5B84}.Release|Any CPU.Build.0 = Release|Any CPU
	EndGlobalSection
	GlobalSection(SolutionProperties) = preSolution
		HideSolutionNode = FALSE
	EndGlobalSection
	GlobalSection(ExtensibilityGlobals) = postSolution
		SolutionGuid = {EA52EA32-80FA-4A39-861F-AC84CCE7EE5A}
	EndGlobalSection
EndGlobal
